
Microsoft Visual Studio Solution File, Format Version 12.00
# Visual Studio Version 17
VisualStudioVersion = 17.5.33424.131
MinimumVisualStudioVersion = 10.0.40219.1
Project("{FAE04EC0-301F-11D3-BF4B-00C04F79EFBC}") = "SIMS", "SIMS\SIMS.csproj", "{AB2302CB-46E9-4E0D-871B-26F10BA2DEA6}"
EndProject
Global
	GlobalSection(SolutionConfigurationPlatforms) = preSolution
		Debug|Any CPU = Debug|Any CPU
		Release|Any CPU = Release|Any CPU
	EndGlobalSection
	GlobalSection(ProjectConfigurationPlatforms) = postSolution
		{AB2302CB-46E9-4E0D-871B-26F10BA2DEA6}.Debug|Any CPU.ActiveCfg = Debug|Any CPU
		{AB2302CB-46E9-4E0D-871B-26F10BA2DEA6}.Debug|Any CPU.Build.0 = Debug|Any CPU
		{AB2302CB-46E9-4E0D-871B-26F10BA2DEA6}.Release|Any CPU.ActiveCfg = Release|Any CPU
		{AB2302CB-46E9-4E0D-871B-26F10BA2DEA6}.Release|Any CPU.Build.0 = Release|Any CPU
	EndGlobalSection
	GlobalSection(SolutionProperties) = preSolution
		HideSolutionNode = FALSE
	EndGlobalSection
	GlobalSection(ExtensibilityGlobals) = postSolution
		SolutionGuid = {F1129EE8-4788-447E-96E5-82608E29D80A}
	EndGlobalSection
EndGlobal
